
Microsoft Visual Studio Solution File, Format Version 12.00
# Visual Studio Version 17
VisualStudioVersion = 17.10.35004.147
MinimumVisualStudioVersion = 10.0.40219.1
Project("{FAE04EC0-301F-11D3-BF4B-00C04F79EFBC}") = "UniversityApi", "UniversityApi\UniversityApi.csproj", "{616A4B5F-22BA-4838-9A31-33FB19293008}"
EndProject
Global
	GlobalSection(SolutionConfigurationPlatforms) = preSolution
		Debug|Any CPU = Debug|Any CPU
		Release|Any CPU = Release|Any CPU
	EndGlobalSection
	GlobalSection(ProjectConfigurationPlatforms) = postSolution
		{616A4B5F-22BA-4838-9A31-33FB19293008}.Debug|Any CPU.ActiveCfg = Debug|Any CPU
		{616A4B5F-22BA-4838-9A31-33FB19293008}.Debug|Any CPU.Build.0 = Debug|Any CPU
		{616A4B5F-22BA-4838-9A31-33FB19293008}.Release|Any CPU.ActiveCfg = Release|Any CPU
		{616A4B5F-22BA-4838-9A31-33FB19293008}.Release|Any CPU.Build.0 = Release|Any CPU
	EndGlobalSection
	GlobalSection(SolutionProperties) = preSolution
		HideSolutionNode = FALSE
	EndGlobalSection
	GlobalSection(ExtensibilityGlobals) = postSolution
		SolutionGuid = {02EE4745-3D5D-418B-974A-015B5121582D}
	EndGlobalSection
EndGlobal
